
Microsoft Visual Studio Solution File, Format Version 12.00
# Visual Studio 15
VisualStudioVersion = 15.0.27130.2024
MinimumVisualStudioVersion = 10.0.40219.1
Project("{FAE04EC0-301F-11D3-BF4B-00C04F79EFBC}") = "WPFprojects", "WPFprojects\WPFprojects.csproj", "{86D8AB35-A167-4FF5-98A0-09DB17C47AA9}"
EndProject
Global
	GlobalSection(SolutionConfigurationPlatforms) = preSolution
		Debug|Any CPU = Debug|Any CPU
		Release|Any CPU = Release|Any CPU
	EndGlobalSection
	GlobalSection(ProjectConfigurationPlatforms) = postSolution
		{86D8AB35-A167-4FF5-98A0-09DB17C47AA9}.Debug|Any CPU.ActiveCfg = Debug|Any CPU
		{86D8AB35-A167-4FF5-98A0-09DB17C47AA9}.Debug|Any CPU.Build.0 = Debug|Any CPU
		{86D8AB35-A167-4FF5-98A0-09DB17C47AA9}.Release|Any CPU.ActiveCfg = Release|Any CPU
		{86D8AB35-A167-4FF5-98A0-09DB17C47AA9}.Release|Any CPU.Build.0 = Release|Any CPU
	EndGlobalSection
	GlobalSection(SolutionProperties) = preSolution
		HideSolutionNode = FALSE
	EndGlobalSection
	GlobalSection(ExtensibilityGlobals) = postSolution
		SolutionGuid = {A02C75C3-6BED-4419-A517-7EBBF1FBD10E}
	EndGlobalSection
EndGlobal
